
Microsoft Visual Studio Solution File, Format Version 12.00
# Visual Studio Version 16
VisualStudioVersion = 16.0.30503.244
MinimumVisualStudioVersion = 10.0.40219.1
Project("{9A19103F-16F7-4668-BE54-9A1E7A4F7556}") = "Generator", "Generator\Generator.csproj", "{9E15482C-3A65-45AF-B907-2A491318F07A}"
EndProject
Project("{9A19103F-16F7-4668-BE54-9A1E7A4F7556}") = "Helper", "Helper\Helper.csproj", "{8A905B7F-5575-468D-B8D6-86C3706E23BD}"
EndProject
Project("{9A19103F-16F7-4668-BE54-9A1E7A4F7556}") = "Sender", "Sender\Sender.csproj", "{A24879EC-9035-4C74-9BFA-F646DF31D6A4}"
EndProject
Global
	GlobalSection(SolutionConfigurationPlatforms) = preSolution
		Debug|Any CPU = Debug|Any CPU
		Release|Any CPU = Release|Any CPU
	EndGlobalSection
	GlobalSection(ProjectConfigurationPlatforms) = postSolution
		{9E15482C-3A65-45AF-B907-2A491318F07A}.Debug|Any CPU.ActiveCfg = Debug|Any CPU
		{9E15482C-3A65-45AF-B907-2A491318F07A}.Debug|Any CPU.Build.0 = Debug|Any CPU
		{9E15482C-3A65-45AF-B907-2A491318F07A}.Release|Any CPU.ActiveCfg = Release|Any CPU
		{9E15482C-3A65-45AF-B907-2A491318F07A}.Release|Any CPU.Build.0 = Release|Any CPU
		{8A905B7F-5575-468D-B8D6-86C3706E23BD}.Debug|Any CPU.ActiveCfg = Debug|Any CPU
		{8A905B7F-5575-468D-B8D6-86C3706E23BD}.Debug|Any CPU.Build.0 = Debug|Any CPU
		{8A905B7F-5575-468D-B8D6-86C3706E23BD}.Release|Any CPU.ActiveCfg = Release|Any CPU
		{8A905B7F-5575-468D-B8D6-86C3706E23BD}.Release|Any CPU.Build.0 = Release|Any CPU
		{A24879EC-9035-4C74-9BFA-F646DF31D6A4}.Debug|Any CPU.ActiveCfg = Debug|Any CPU
		{A24879EC-9035-4C74-9BFA-F646DF31D6A4}.Debug|Any CPU.Build.0 = Debug|Any CPU
		{A24879EC-9035-4C74-9BFA-F646DF31D6A4}.Release|Any CPU.ActiveCfg = Release|Any CPU
		{A24879EC-9035-4C74-9BFA-F646DF31D6A4}.Release|Any CPU.Build.0 = Release|Any CPU
	EndGlobalSection
	GlobalSection(SolutionProperties) = preSolution
		HideSolutionNode = FALSE
	EndGlobalSection
	GlobalSection(ExtensibilityGlobals) = postSolution
		SolutionGuid = {3D696501-A89C-4973-927B-E19940DDA8B7}
	EndGlobalSection
EndGlobal
